
Microsoft Visual Studio Solution File, Format Version 12.00
# Visual Studio Version 16
VisualStudioVersion = 16.0.30611.23
MinimumVisualStudioVersion = 10.0.40219.1
Project("{FAE04EC0-301F-11D3-BF4B-00C04F79EFBC}") = "Flagga", "Flagga\Flagga.csproj", "{08145F97-6118-48F3-BB1C-3E4D36F0BC39}"
EndProject
Global
	GlobalSection(SolutionConfigurationPlatforms) = preSolution
		Debug|Any CPU = Debug|Any CPU
		Release|Any CPU = Release|Any CPU
	EndGlobalSection
	GlobalSection(ProjectConfigurationPlatforms) = postSolution
		{08145F97-6118-48F3-BB1C-3E4D36F0BC39}.Debug|Any CPU.ActiveCfg = Debug|Any CPU
		{08145F97-6118-48F3-BB1C-3E4D36F0BC39}.Debug|Any CPU.Build.0 = Debug|Any CPU
		{08145F97-6118-48F3-BB1C-3E4D36F0BC39}.Release|Any CPU.ActiveCfg = Release|Any CPU
		{08145F97-6118-48F3-BB1C-3E4D36F0BC39}.Release|Any CPU.Build.0 = Release|Any CPU
	EndGlobalSection
	GlobalSection(SolutionProperties) = preSolution
		HideSolutionNode = FALSE
	EndGlobalSection
	GlobalSection(ExtensibilityGlobals) = postSolution
		SolutionGuid = {216FBFD5-F20F-42DA-B75A-82467ABABDB6}
	EndGlobalSection
EndGlobal
